// !$*UTF8*$!
{
	archiveVersion = 1;
	classes = {
	};
	objectVersion = 46;
	objects = {

/* Begin PBXBuildFile section */
		581B47EE19B91017004A8BFE /* UITabBarMostViewed@2x.png in Resources */ = {isa = PBXBuildFile; fileRef = 581B47EC19B91017004A8BFE /* UITabBarMostViewed@2x.png */; };
		581B47EF19B91017004A8BFE /* UITabBarSearch@2x.png in Resources */ = {isa = PBXBuildFile; fileRef = 581B47ED19B91017004A8BFE /* UITabBarSearch@2x.png */; };
		58249FC319B660B000B23D70 /* TPKeyboardAvoidingScrollView.m in Sources */ = {isa = PBXBuildFile; fileRef = 58249FC219B660B000B23D70 /* TPKeyboardAvoidingScrollView.m */; };
		58249FC719B660DB00B23D70 /* UIScrollView+TPKeyboardAvoidingAdditions.m in Sources */ = {isa = PBXBuildFile; fileRef = 58249FC619B660DB00B23D70 /* UIScrollView+TPKeyboardAvoidingAdditions.m */; };
		58249FCA19B6690D00B23D70 /* message_group@2x.png in Resources */ = {isa = PBXBuildFile; fileRef = 58249FC819B6690D00B23D70 /* message_group@2x.png */; };
		58249FCB19B6690D00B23D70 /* message@2x.png in Resources */ = {isa = PBXBuildFile; fileRef = 58249FC919B6690D00B23D70 /* message@2x.png */; };
		58249FCE19B669A500B23D70 /* message_group.png in Resources */ = {isa = PBXBuildFile; fileRef = 58249FCC19B669A500B23D70 /* message_group.png */; };
		58249FCF19B669A500B23D70 /* message.png in Resources */ = {isa = PBXBuildFile; fileRef = 58249FCD19B669A500B23D70 /* message.png */; };
		5862329A19AE10F80016418C /* Network.m in Sources */ = {isa = PBXBuildFile; fileRef = 5862329919AE10F80016418C /* Network.m */; };
		589FE21E199504A300CBB57C /* ModalWebViewController.m in Sources */ = {isa = PBXBuildFile; fileRef = 589FE21D199504A300CBB57C /* ModalWebViewController.m */; };
		589FE22119989A8D00CBB57C /* 10385417.jpeg in Resources */ = {isa = PBXBuildFile; fileRef = 589FE22019989A8D00CBB57C /* 10385417.jpeg */; };
		589FE22A19989A9F00CBB57C /* label_buy.png in Resources */ = {isa = PBXBuildFile; fileRef = 589FE22219989A9F00CBB57C /* label_buy.png */; };
		589FE22B19989A9F00CBB57C /* label_change.png in Resources */ = {isa = PBXBuildFile; fileRef = 589FE22319989A9F00CBB57C /* label_change.png */; };
		589FE22C19989A9F00CBB57C /* label_close.png in Resources */ = {isa = PBXBuildFile; fileRef = 589FE22419989A9F00CBB57C /* label_close.png */; };
		589FE22D19989A9F00CBB57C /* label_important.png in Resources */ = {isa = PBXBuildFile; fileRef = 589FE22519989A9F00CBB57C /* label_important.png */; };
		589FE22E19989A9F00CBB57C /* label_rent.png in Resources */ = {isa = PBXBuildFile; fileRef = 589FE22619989A9F00CBB57C /* label_rent.png */; };
		589FE22F19989A9F00CBB57C /* label_sell.png in Resources */ = {isa = PBXBuildFile; fileRef = 589FE22719989A9F00CBB57C /* label_sell.png */; };
		589FE23019989A9F00CBB57C /* label_service.png in Resources */ = {isa = PBXBuildFile; fileRef = 589FE22819989A9F00CBB57C /* label_service.png */; };
		589FE23119989A9F00CBB57C /* icon_comment.png in Resources */ = {isa = PBXBuildFile; fileRef = 589FE22919989A9F00CBB57C /* icon_comment.png */; };
		589FE233199A10F200CBB57C /* btn-up-all.png in Resources */ = {isa = PBXBuildFile; fileRef = 589FE232199A10F200CBB57C /* btn-up-all.png */; };
		58A1109E199E8F80002A97F4 /* UIScrollView+SVInfiniteScrolling.m in Sources */ = {isa = PBXBuildFile; fileRef = 58A1109B199E8F80002A97F4 /* UIScrollView+SVInfiniteScrolling.m */; };
		58A1109F199E8F80002A97F4 /* UIScrollView+SVPullToRefresh.m in Sources */ = {isa = PBXBuildFile; fileRef = 58A1109D199E8F80002A97F4 /* UIScrollView+SVPullToRefresh.m */; };
		58A110A1199E8FA6002A97F4 /* QuartzCore.framework in Frameworks */ = {isa = PBXBuildFile; fileRef = 58A110A0199E8FA6002A97F4 /* QuartzCore.framework */; };
		58A110B819A39E54002A97F4 /* email_read.png in Resources */ = {isa = PBXBuildFile; fileRef = 58A110B619A39E54002A97F4 /* email_read.png */; };
		58A110B919A39E54002A97F4 /* email_unread.png in Resources */ = {isa = PBXBuildFile; fileRef = 58A110B719A39E54002A97F4 /* email_unread.png */; };
		58A110E819A52694002A97F4 /* AFHTTPRequestOperation.m in Sources */ = {isa = PBXBuildFile; fileRef = 58A110C419A52694002A97F4 /* AFHTTPRequestOperation.m */; };
		58A110E919A52694002A97F4 /* AFHTTPRequestOperationManager.m in Sources */ = {isa = PBXBuildFile; fileRef = 58A110C619A52694002A97F4 /* AFHTTPRequestOperationManager.m */; };
		58A110EA19A52694002A97F4 /* AFHTTPSessionManager.m in Sources */ = {isa = PBXBuildFile; fileRef = 58A110C819A52694002A97F4 /* AFHTTPSessionManager.m */; };
		58A110EB19A52694002A97F4 /* AFNetworkReachabilityManager.m in Sources */ = {isa = PBXBuildFile; fileRef = 58A110CB19A52694002A97F4 /* AFNetworkReachabilityManager.m */; };
		58A110EC19A52694002A97F4 /* AFSecurityPolicy.m in Sources */ = {isa = PBXBuildFile; fileRef = 58A110CD19A52694002A97F4 /* AFSecurityPolicy.m */; };
		58A110ED19A52694002A97F4 /* AFURLConnectionOperation.m in Sources */ = {isa = PBXBuildFile; fileRef = 58A110CF19A52694002A97F4 /* AFURLConnectionOperation.m */; };
		58A110EE19A52694002A97F4 /* AFURLRequestSerialization.m in Sources */ = {isa = PBXBuildFile; fileRef = 58A110D119A52694002A97F4 /* AFURLRequestSerialization.m */; };
		58A110EF19A52694002A97F4 /* AFURLResponseSerialization.m in Sources */ = {isa = PBXBuildFile; fileRef = 58A110D319A52694002A97F4 /* AFURLResponseSerialization.m */; };
		58A110F019A52694002A97F4 /* AFURLSessionManager.m in Sources */ = {isa = PBXBuildFile; fileRef = 58A110D519A52694002A97F4 /* AFURLSessionManager.m */; };
		58A110F119A52694002A97F4 /* AFNetworkActivityIndicatorManager.m in Sources */ = {isa = PBXBuildFile; fileRef = 58A110D819A52694002A97F4 /* AFNetworkActivityIndicatorManager.m */; };
		58A110F219A52694002A97F4 /* UIActivityIndicatorView+AFNetworking.m in Sources */ = {isa = PBXBuildFile; fileRef = 58A110DA19A52694002A97F4 /* UIActivityIndicatorView+AFNetworking.m */; };
		58A110F319A52694002A97F4 /* UIAlertView+AFNetworking.m in Sources */ = {isa = PBXBuildFile; fileRef = 58A110DC19A52694002A97F4 /* UIAlertView+AFNetworking.m */; };
		58A110F419A52694002A97F4 /* UIButton+AFNetworking.m in Sources */ = {isa = PBXBuildFile; fileRef = 58A110DE19A52694002A97F4 /* UIButton+AFNetworking.m */; };
		58A110F519A52694002A97F4 /* UIImageView+AFNetworking.m in Sources */ = {isa = PBXBuildFile; fileRef = 58A110E019A52694002A97F4 /* UIImageView+AFNetworking.m */; };
		58A110F619A52694002A97F4 /* UIProgressView+AFNetworking.m in Sources */ = {isa = PBXBuildFile; fileRef = 58A110E319A52694002A97F4 /* UIProgressView+AFNetworking.m */; };
		58A110F719A52694002A97F4 /* UIRefreshControl+AFNetworking.m in Sources */ = {isa = PBXBuildFile; fileRef = 58A110E519A52694002A97F4 /* UIRefreshControl+AFNetworking.m */; };
		58A110F819A52694002A97F4 /* UIWebView+AFNetworking.m in Sources */ = {isa = PBXBuildFile; fileRef = 58A110E719A52694002A97F4 /* UIWebView+AFNetworking.m */; };
		58A110FC19A68EE1002A97F4 /* MyMessagesTableViewController.m in Sources */ = {isa = PBXBuildFile; fileRef = 58A110FB19A68EE1002A97F4 /* MyMessagesTableViewController.m */; };
		58A110FF19A68EFB002A97F4 /* MyMessagesTableViewCell.m in Sources */ = {isa = PBXBuildFile; fileRef = 58A110FE19A68EFB002A97F4 /* MyMessagesTableViewCell.m */; };
		58A1110219A73116002A97F4 /* MyMessage.m in Sources */ = {isa = PBXBuildFile; fileRef = 58A1110119A73116002A97F4 /* MyMessage.m */; };
		58A53CF01989438300792508 /* Foundation.framework in Frameworks */ = {isa = PBXBuildFile; fileRef = 58A53CEF1989438300792508 /* Foundation.framework */; };
		58A53CF21989438300792508 /* CoreGraphics.framework in Frameworks */ = {isa = PBXBuildFile; fileRef = 58A53CF11989438300792508 /* CoreGraphics.framework */; };
		58A53CF41989438300792508 /* UIKit.framework in Frameworks */ = {isa = PBXBuildFile; fileRef = 58A53CF31989438300792508 /* UIKit.framework */; };
		58A53CF61989438300792508 /* CoreData.framework in Frameworks */ = {isa = PBXBuildFile; fileRef = 58A53CF51989438300792508 /* CoreData.framework */; };
		58A53CFC1989438300792508 /* InfoPlist.strings in Resources */ = {isa = PBXBuildFile; fileRef = 58A53CFA1989438300792508 /* InfoPlist.strings */; };
		58A53CFE1989438300792508 /* main.m in Sources */ = {isa = PBXBuildFile; fileRef = 58A53CFD1989438300792508 /* main.m */; };
		58A53D021989438300792508 /* OnlinerUPAppDelegate.m in Sources */ = {isa = PBXBuildFile; fileRef = 58A53D011989438300792508 /* OnlinerUPAppDelegate.m */; };
		58A53D051989438300792508 /* OnlinerUP.xcdatamodeld in Sources */ = {isa = PBXBuildFile; fileRef = 58A53D031989438300792508 /* OnlinerUP.xcdatamodeld */; };
		58A53D071989438300792508 /* Images.xcassets in Resources */ = {isa = PBXBuildFile; fileRef = 58A53D061989438300792508 /* Images.xcassets */; };
		58A53D0E1989438400792508 /* XCTest.framework in Frameworks */ = {isa = PBXBuildFile; fileRef = 58A53D0D1989438400792508 /* XCTest.framework */; };
		58A53D0F1989438400792508 /* Foundation.framework in Frameworks */ = {isa = PBXBuildFile; fileRef = 58A53CEF1989438300792508 /* Foundation.framework */; };
		58A53D101989438400792508 /* UIKit.framework in Frameworks */ = {isa = PBXBuildFile; fileRef = 58A53CF31989438300792508 /* UIKit.framework */; };
		58A53D111989438400792508 /* CoreData.framework in Frameworks */ = {isa = PBXBuildFile; fileRef = 58A53CF51989438300792508 /* CoreData.framework */; };
		58A53D191989438400792508 /* InfoPlist.strings in Resources */ = {isa = PBXBuildFile; fileRef = 58A53D171989438400792508 /* InfoPlist.strings */; };
		58A53D1B1989438400792508 /* OnlinerUPTests.m in Sources */ = {isa = PBXBuildFile; fileRef = 58A53D1A1989438400792508 /* OnlinerUPTests.m */; };
		58A53D351989448600792508 /* LoginViewController.m in Sources */ = {isa = PBXBuildFile; fileRef = 58A53D251989448600792508 /* LoginViewController.m */; };
		58A53D361989448600792508 /* Main.storyboard in Resources */ = {isa = PBXBuildFile; fileRef = 58A53D261989448600792508 /* Main.storyboard */; };
		58A53D371989448600792508 /* MyAd.m in Sources */ = {isa = PBXBuildFile; fileRef = 58A53D281989448600792508 /* MyAd.m */; };
		58A53D381989448600792508 /* MyAdTableViewCell.m in Sources */ = {isa = PBXBuildFile; fileRef = 58A53D2A1989448600792508 /* MyAdTableViewCell.m */; };
		58A53D391989448600792508 /* MyAdTableViewController.m in Sources */ = {isa = PBXBuildFile; fileRef = 58A53D2C1989448600792508 /* MyAdTableViewController.m */; };
		58A53D3A1989448600792508 /* OnlinerKeyChain.m in Sources */ = {isa = PBXBuildFile; fileRef = 58A53D2E1989448600792508 /* OnlinerKeyChain.m */; };
		58A53D3B1989448600792508 /* TFHpple.m in Sources */ = {isa = PBXBuildFile; fileRef = 58A53D301989448600792508 /* TFHpple.m */; };
		58A53D3C1989448600792508 /* TFHppleElement.m in Sources */ = {isa = PBXBuildFile; fileRef = 58A53D321989448600792508 /* TFHppleElement.m */; };
		58A53D3D1989448600792508 /* XPathQuery.m in Sources */ = {isa = PBXBuildFile; fileRef = 58A53D341989448600792508 /* XPathQuery.m */; };
		58A53D46198944D600792508 /* btn-enter.png in Resources */ = {isa = PBXBuildFile; fileRef = 58A53D3E198944D600792508 /* btn-enter.png */; };
		58A53D47198944D600792508 /* btn-up-1.png in Resources */ = {isa = PBXBuildFile; fileRef = 58A53D3F198944D600792508 /* btn-up-1.png */; };
		58A53D48198944D600792508 /* btn-up-0.png in Resources */ = {isa = PBXBuildFile; fileRef = 58A53D40198944D600792508 /* btn-up-0.png */; };
		58A53D49198944D600792508 /* icon-selected-green-25x25.png in Resources */ = {isa = PBXBuildFile; fileRef = 58A53D41198944D600792508 /* icon-selected-green-25x25.png */; };
		58A53D4A198944D600792508 /* icon-selected-green-25x25@2x.png in Resources */ = {isa = PBXBuildFile; fileRef = 58A53D42198944D600792508 /* icon-selected-green-25x25@2x.png */; };
		58A53D4B198944D600792508 /* icon-unselected-25x25.png in Resources */ = {isa = PBXBuildFile; fileRef = 58A53D43198944D600792508 /* icon-unselected-25x25.png */; };
		58A53D4C198944D600792508 /* icon-unselected-25x25@2x.png in Resources */ = {isa = PBXBuildFile; fileRef = 58A53D44198944D600792508 /* icon-unselected-25x25@2x.png */; };
		58A53D4D198944D600792508 /* logo.png in Resources */ = {isa = PBXBuildFile; fileRef = 58A53D45198944D600792508 /* logo.png */; };
		58A53D521989462500792508 /* libxml2.2.dylib in Frameworks */ = {isa = PBXBuildFile; fileRef = 58A53D511989462500792508 /* libxml2.2.dylib */; };
		58C5246A19A733A60012CB5E /* envelope_unread.png in Resources */ = {isa = PBXBuildFile; fileRef = 58C5246819A733A60012CB5E /* envelope_unread.png */; };
		58C5246B19A733A60012CB5E /* envelope_read.png in Resources */ = {isa = PBXBuildFile; fileRef = 58C5246919A733A60012CB5E /* envelope_read.png */; };
		58C5246E19A7EB2E0012CB5E /* icon_comment_unread.png in Resources */ = {isa = PBXBuildFile; fileRef = 58C5246D19A7EB2E0012CB5E /* icon_comment_unread.png */; };
		58C5247C19A8D7280012CB5E /* NSMutableArray+SWUtilityButtons.m in Sources */ = {isa = PBXBuildFile; fileRef = 58C5247119A8D7280012CB5E /* NSMutableArray+SWUtilityButtons.m */; };
		58C5247D19A8D7280012CB5E /* SWCellScrollView.m in Sources */ = {isa = PBXBuildFile; fileRef = 58C5247319A8D7280012CB5E /* SWCellScrollView.m */; };
		58C5247E19A8D7280012CB5E /* SWLongPressGestureRecognizer.m in Sources */ = {isa = PBXBuildFile; fileRef = 58C5247519A8D7280012CB5E /* SWLongPressGestureRecognizer.m */; };
		58C5247F19A8D7280012CB5E /* SWTableViewCell.m in Sources */ = {isa = PBXBuildFile; fileRef = 58C5247719A8D7280012CB5E /* SWTableViewCell.m */; };
		58C5248019A8D7280012CB5E /* SWUtilityButtonTapGestureRecognizer.m in Sources */ = {isa = PBXBuildFile; fileRef = 58C5247919A8D7280012CB5E /* SWUtilityButtonTapGestureRecognizer.m */; };
		58C5248119A8D7280012CB5E /* SWUtilityButtonView.m in Sources */ = {isa = PBXBuildFile; fileRef = 58C5247B19A8D7280012CB5E /* SWUtilityButtonView.m */; };
		58C5248619A8D9DB0012CB5E /* check@2x.png in Resources */ = {isa = PBXBuildFile; fileRef = 58C5248219A8D9DB0012CB5E /* check@2x.png */; };
		58C5248719A8D9DB0012CB5E /* clock@2x.png in Resources */ = {isa = PBXBuildFile; fileRef = 58C5248319A8D9DB0012CB5E /* clock@2x.png */; };
		58C5248819A8D9DB0012CB5E /* cross@2x.png in Resources */ = {isa = PBXBuildFile; fileRef = 58C5248419A8D9DB0012CB5E /* cross@2x.png */; };
		58C5248919A8D9DB0012CB5E /* list@2x.png in Resources */ = {isa = PBXBuildFile; fileRef = 58C5248519A8D9DB0012CB5E /* list@2x.png */; };
		58C5248D19A926000012CB5E /* BaraholkaTableViewController.m in Sources */ = {isa = PBXBuildFile; fileRef = 58C5248C19A926000012CB5E /* BaraholkaTableViewController.m */; };
		58C5249019A9261A0012CB5E /* BaraholkaTableViewCell.m in Sources */ = {isa = PBXBuildFile; fileRef = 58C5248F19A9261A0012CB5E /* BaraholkaTableViewCell.m */; };
		58C5249319AA24840012CB5E /* Baraholka.m in Sources */ = {isa = PBXBuildFile; fileRef = 58C5249219AA24840012CB5E /* Baraholka.m */; };
		58DB784119B3042D00710188 /* BaraholkaFullTableViewCell.m in Sources */ = {isa = PBXBuildFile; fileRef = 58DB784019B3042D00710188 /* BaraholkaFullTableViewCell.m */; };
/* End PBXBuildFile section */

/* Begin PBXContainerItemProxy section */
		58A53D121989438400792508 /* PBXContainerItemProxy */ = {
			isa = PBXContainerItemProxy;
			containerPortal = 58A53CE41989438300792508 /* Project object */;
			proxyType = 1;
			remoteGlobalIDString = 58A53CEB1989438300792508;
			remoteInfo = OnlinerUP;
		};
/* End PBXContainerItemProxy section */

/* Begin PBXFileReference section */
		581B47EC19B91017004A8BFE /* UITabBarMostViewed@2x.png */ = {isa = PBXFileReference; lastKnownFileType = image.png; path = "UITabBarMostViewed@2x.png"; sourceTree = "<group>"; };
		581B47ED19B91017004A8BFE /* UITabBarSearch@2x.png */ = {isa = PBXFileReference; lastKnownFileType = image.png; path = "UITabBarSearch@2x.png"; sourceTree = "<group>"; };
		58249FC119B660B000B23D70 /* TPKeyboardAvoidingScrollView.h */ = {isa = PBXFileReference; fileEncoding = 4; lastKnownFileType = sourcecode.c.h; path = TPKeyboardAvoidingScrollView.h; sourceTree = "<group>"; };
		58249FC219B660B000B23D70 /* TPKeyboardAvoidingScrollView.m */ = {isa = PBXFileReference; fileEncoding = 4; lastKnownFileType = sourcecode.c.objc; path = TPKeyboardAvoidingScrollView.m; sourceTree = "<group>"; };
		58249FC519B660DB00B23D70 /* UIScrollView+TPKeyboardAvoidingAdditions.h */ = {isa = PBXFileReference; fileEncoding = 4; lastKnownFileType = sourcecode.c.h; path = "UIScrollView+TPKeyboardAvoidingAdditions.h"; sourceTree = "<group>"; };
		58249FC619B660DB00B23D70 /* UIScrollView+TPKeyboardAvoidingAdditions.m */ = {isa = PBXFileReference; fileEncoding = 4; lastKnownFileType = sourcecode.c.objc; path = "UIScrollView+TPKeyboardAvoidingAdditions.m"; sourceTree = "<group>"; };
		58249FC819B6690D00B23D70 /* message_group@2x.png */ = {isa = PBXFileReference; lastKnownFileType = image.png; path = "message_group@2x.png"; sourceTree = "<group>"; };
		58249FC919B6690D00B23D70 /* message@2x.png */ = {isa = PBXFileReference; lastKnownFileType = image.png; path = "message@2x.png"; sourceTree = "<group>"; };
		58249FCC19B669A500B23D70 /* message_group.png */ = {isa = PBXFileReference; lastKnownFileType = image.png; path = message_group.png; sourceTree = "<group>"; };
		58249FCD19B669A500B23D70 /* message.png */ = {isa = PBXFileReference; lastKnownFileType = image.png; path = message.png; sourceTree = "<group>"; };
		5862329819AE10F80016418C /* Network.h */ = {isa = PBXFileReference; fileEncoding = 4; lastKnownFileType = sourcecode.c.h; path = Network.h; sourceTree = "<group>"; };
		5862329919AE10F80016418C /* Network.m */ = {isa = PBXFileReference; fileEncoding = 4; lastKnownFileType = sourcecode.c.objc; path = Network.m; sourceTree = "<group>"; };
		589FE21C199504A300CBB57C /* ModalWebViewController.h */ = {isa = PBXFileReference; fileEncoding = 4; lastKnownFileType = sourcecode.c.h; path = ModalWebViewController.h; sourceTree = "<group>"; };
		589FE21D199504A300CBB57C /* ModalWebViewController.m */ = {isa = PBXFileReference; fileEncoding = 4; lastKnownFileType = sourcecode.c.objc; path = ModalWebViewController.m; sourceTree = "<group>"; };
		589FE22019989A8D00CBB57C /* 10385417.jpeg */ = {isa = PBXFileReference; lastKnownFileType = image.jpeg; name = 10385417.jpeg; path = ../10385417.jpeg; sourceTree = "<group>"; };
		589FE22219989A9F00CBB57C /* label_buy.png */ = {isa = PBXFileReference; lastKnownFileType = image.png; name = label_buy.png; path = ../label_buy.png; sourceTree = "<group>"; };
		589FE22319989A9F00CBB57C /* label_change.png */ = {isa = PBXFileReference; lastKnownFileType = image.png; name = label_change.png; path = ../label_change.png; sourceTree = "<group>"; };
		589FE22419989A9F00CBB57C /* label_close.png */ = {isa = PBXFileReference; lastKnownFileType = image.png; name = label_close.png; path = ../label_close.png; sourceTree = "<group>"; };
		589FE22519989A9F00CBB57C /* label_important.png */ = {isa = PBXFileReference; lastKnownFileType = image.png; name = label_important.png; path = ../label_important.png; sourceTree = "<group>"; };
		589FE22619989A9F00CBB57C /* label_rent.png */ = {isa = PBXFileReference; lastKnownFileType = image.png; name = label_rent.png; path = ../label_rent.png; sourceTree = "<group>"; };
		589FE22719989A9F00CBB57C /* label_sell.png */ = {isa = PBXFileReference; lastKnownFileType = image.png; name = label_sell.png; path = ../label_sell.png; sourceTree = "<group>"; };
		589FE22819989A9F00CBB57C /* label_service.png */ = {isa = PBXFileReference; lastKnownFileType = image.png; name = label_service.png; path = ../label_service.png; sourceTree = "<group>"; };
		589FE22919989A9F00CBB57C /* icon_comment.png */ = {isa = PBXFileReference; lastKnownFileType = image.png; name = icon_comment.png; path = ../icon_comment.png; sourceTree = "<group>"; };
		589FE232199A10F200CBB57C /* btn-up-all.png */ = {isa = PBXFileReference; lastKnownFileType = image.png; name = "btn-up-all.png"; path = "../btn-up-all.png"; sourceTree = "<group>"; };
		58A11099199E8F80002A97F4 /* SVPullToRefresh.h */ = {isa = PBXFileReference; fileEncoding = 4; lastKnownFileType = sourcecode.c.h; path = SVPullToRefresh.h; sourceTree = "<group>"; };
		58A1109A199E8F80002A97F4 /* UIScrollView+SVInfiniteScrolling.h */ = {isa = PBXFileReference; fileEncoding = 4; lastKnownFileType = sourcecode.c.h; path = "UIScrollView+SVInfiniteScrolling.h"; sourceTree = "<group>"; };
		58A1109B199E8F80002A97F4 /* UIScrollView+SVInfiniteScrolling.m */ = {isa = PBXFileReference; fileEncoding = 4; lastKnownFileType = sourcecode.c.objc; path = "UIScrollView+SVInfiniteScrolling.m"; sourceTree = "<group>"; };
		58A1109C199E8F80002A97F4 /* UIScrollView+SVPullToRefresh.h */ = {isa = PBXFileReference; fileEncoding = 4; lastKnownFileType = sourcecode.c.h; path = "UIScrollView+SVPullToRefresh.h"; sourceTree = "<group>"; };
		58A1109D199E8F80002A97F4 /* UIScrollView+SVPullToRefresh.m */ = {isa = PBXFileReference; fileEncoding = 4; lastKnownFileType = sourcecode.c.objc; path = "UIScrollView+SVPullToRefresh.m"; sourceTree = "<group>"; };
		58A110A0199E8FA6002A97F4 /* QuartzCore.framework */ = {isa = PBXFileReference; lastKnownFileType = wrapper.framework; name = QuartzCore.framework; path = System/Library/Frameworks/QuartzCore.framework; sourceTree = SDKROOT; };
		58A110B619A39E54002A97F4 /* email_read.png */ = {isa = PBXFileReference; lastKnownFileType = image.png; name = email_read.png; path = ../email_read.png; sourceTree = "<group>"; };
		58A110B719A39E54002A97F4 /* email_unread.png */ = {isa = PBXFileReference; lastKnownFileType = image.png; name = email_unread.png; path = ../email_unread.png; sourceTree = "<group>"; };
		58A110C319A52694002A97F4 /* AFHTTPRequestOperation.h */ = {isa = PBXFileReference; fileEncoding = 4; lastKnownFileType = sourcecode.c.h; path = AFHTTPRequestOperation.h; sourceTree = "<group>"; };
		58A110C419A52694002A97F4 /* AFHTTPRequestOperation.m */ = {isa = PBXFileReference; fileEncoding = 4; lastKnownFileType = sourcecode.c.objc; path = AFHTTPRequestOperation.m; sourceTree = "<group>"; };
		58A110C519A52694002A97F4 /* AFHTTPRequestOperationManager.h */ = {isa = PBXFileReference; fileEncoding = 4; lastKnownFileType = sourcecode.c.h; path = AFHTTPRequestOperationManager.h; sourceTree = "<group>"; };
		58A110C619A52694002A97F4 /* AFHTTPRequestOperationManager.m */ = {isa = PBXFileReference; fileEncoding = 4; lastKnownFileType = sourcecode.c.objc; path = AFHTTPRequestOperationManager.m; sourceTree = "<group>"; };
		58A110C719A52694002A97F4 /* AFHTTPSessionManager.h */ = {isa = PBXFileReference; fileEncoding = 4; lastKnownFileType = sourcecode.c.h; path = AFHTTPSessionManager.h; sourceTree = "<group>"; };
		58A110C819A52694002A97F4 /* AFHTTPSessionManager.m */ = {isa = PBXFileReference; fileEncoding = 4; lastKnownFileType = sourcecode.c.objc; path = AFHTTPSessionManager.m; sourceTree = "<group>"; };
		58A110C919A52694002A97F4 /* AFNetworking.h */ = {isa = PBXFileReference; fileEncoding = 4; lastKnownFileType = sourcecode.c.h; path = AFNetworking.h; sourceTree = "<group>"; };
		58A110CA19A52694002A97F4 /* AFNetworkReachabilityManager.h */ = {isa = PBXFileReference; fileEncoding = 4; lastKnownFileType = sourcecode.c.h; path = AFNetworkReachabilityManager.h; sourceTree = "<group>"; };
		58A110CB19A52694002A97F4 /* AFNetworkReachabilityManager.m */ = {isa = PBXFileReference; fileEncoding = 4; lastKnownFileType = sourcecode.c.objc; path = AFNetworkReachabilityManager.m; sourceTree = "<group>"; };
		58A110CC19A52694002A97F4 /* AFSecurityPolicy.h */ = {isa = PBXFileReference; fileEncoding = 4; lastKnownFileType = sourcecode.c.h; path = AFSecurityPolicy.h; sourceTree = "<group>"; };
		58A110CD19A52694002A97F4 /* AFSecurityPolicy.m */ = {isa = PBXFileReference; fileEncoding = 4; lastKnownFileType = sourcecode.c.objc; path = AFSecurityPolicy.m; sourceTree = "<group>"; };
		58A110CE19A52694002A97F4 /* AFURLConnectionOperation.h */ = {isa = PBXFileReference; fileEncoding = 4; lastKnownFileType = sourcecode.c.h; path = AFURLConnectionOperation.h; sourceTree = "<group>"; };
		58A110CF19A52694002A97F4 /* AFURLConnectionOperation.m */ = {isa = PBXFileReference; fileEncoding = 4; lastKnownFileType = sourcecode.c.objc; path = AFURLConnectionOperation.m; sourceTree = "<group>"; };
		58A110D019A52694002A97F4 /* AFURLRequestSerialization.h */ = {isa = PBXFileReference; fileEncoding = 4; lastKnownFileType = sourcecode.c.h; path = AFURLRequestSerialization.h; sourceTree = "<group>"; };
		58A110D119A52694002A97F4 /* AFURLRequestSerialization.m */ = {isa = PBXFileReference; fileEncoding = 4; lastKnownFileType = sourcecode.c.objc; path = AFURLRequestSerialization.m; sourceTree = "<group>"; };
		58A110D219A52694002A97F4 /* AFURLResponseSerialization.h */ = {isa = PBXFileReference; fileEncoding = 4; lastKnownFileType = sourcecode.c.h; path = AFURLResponseSerialization.h; sourceTree = "<group>"; };
		58A110D319A52694002A97F4 /* AFURLResponseSerialization.m */ = {isa = PBXFileReference; fileEncoding = 4; lastKnownFileType = sourcecode.c.objc; path = AFURLResponseSerialization.m; sourceTree = "<group>"; };
		58A110D419A52694002A97F4 /* AFURLSessionManager.h */ = {isa = PBXFileReference; fileEncoding = 4; lastKnownFileType = sourcecode.c.h; path = AFURLSessionManager.h; sourceTree = "<group>"; };
		58A110D519A52694002A97F4 /* AFURLSessionManager.m */ = {isa = PBXFileReference; fileEncoding = 4; lastKnownFileType = sourcecode.c.objc; path = AFURLSessionManager.m; sourceTree = "<group>"; };
		58A110D719A52694002A97F4 /* AFNetworkActivityIndicatorManager.h */ = {isa = PBXFileReference; fileEncoding = 4; lastKnownFileType = sourcecode.c.h; path = AFNetworkActivityIndicatorManager.h; sourceTree = "<group>"; };
		58A110D819A52694002A97F4 /* AFNetworkActivityIndicatorManager.m */ = {isa = PBXFileReference; fileEncoding = 4; lastKnownFileType = sourcecode.c.objc; path = AFNetworkActivityIndicatorManager.m; sourceTree = "<group>"; };
		58A110D919A52694002A97F4 /* UIActivityIndicatorView+AFNetworking.h */ = {isa = PBXFileReference; fileEncoding = 4; lastKnownFileType = sourcecode.c.h; path = "UIActivityIndicatorView+AFNetworking.h"; sourceTree = "<group>"; };
		58A110DA19A52694002A97F4 /* UIActivityIndicatorView+AFNetworking.m */ = {isa = PBXFileReference; fileEncoding = 4; lastKnownFileType = sourcecode.c.objc; path = "UIActivityIndicatorView+AFNetworking.m"; sourceTree = "<group>"; };
		58A110DB19A52694002A97F4 /* UIAlertView+AFNetworking.h */ = {isa = PBXFileReference; fileEncoding = 4; lastKnownFileType = sourcecode.c.h; path = "UIAlertView+AFNetworking.h"; sourceTree = "<group>"; };
		58A110DC19A52694002A97F4 /* UIAlertView+AFNetworking.m */ = {isa = PBXFileReference; fileEncoding = 4; lastKnownFileType = sourcecode.c.objc; path = "UIAlertView+AFNetworking.m"; sourceTree = "<group>"; };
		58A110DD19A52694002A97F4 /* UIButton+AFNetworking.h */ = {isa = PBXFileReference; fileEncoding = 4; lastKnownFileType = sourcecode.c.h; path = "UIButton+AFNetworking.h"; sourceTree = "<group>"; };
		58A110DE19A52694002A97F4 /* UIButton+AFNetworking.m */ = {isa = PBXFileReference; fileEncoding = 4; lastKnownFileType = sourcecode.c.objc; path = "UIButton+AFNetworking.m"; sourceTree = "<group>"; };
		58A110DF19A52694002A97F4 /* UIImageView+AFNetworking.h */ = {isa = PBXFileReference; fileEncoding = 4; lastKnownFileType = sourcecode.c.h; path = "UIImageView+AFNetworking.h"; sourceTree = "<group>"; };
		58A110E019A52694002A97F4 /* UIImageView+AFNetworking.m */ = {isa = PBXFileReference; fileEncoding = 4; lastKnownFileType = sourcecode.c.objc; path = "UIImageView+AFNetworking.m"; sourceTree = "<group>"; };
		58A110E119A52694002A97F4 /* UIKit+AFNetworking.h */ = {isa = PBXFileReference; fileEncoding = 4; lastKnownFileType = sourcecode.c.h; path = "UIKit+AFNetworking.h"; sourceTree = "<group>"; };
		58A110E219A52694002A97F4 /* UIProgressView+AFNetworking.h */ = {isa = PBXFileReference; fileEncoding = 4; lastKnownFileType = sourcecode.c.h; path = "UIProgressView+AFNetworking.h"; sourceTree = "<group>"; };
		58A110E319A52694002A97F4 /* UIProgressView+AFNetworking.m */ = {isa = PBXFileReference; fileEncoding = 4; lastKnownFileType = sourcecode.c.objc; path = "UIProgressView+AFNetworking.m"; sourceTree = "<group>"; };
		58A110E419A52694002A97F4 /* UIRefreshControl+AFNetworking.h */ = {isa = PBXFileReference; fileEncoding = 4; lastKnownFileType = sourcecode.c.h; path = "UIRefreshControl+AFNetworking.h"; sourceTree = "<group>"; };
		58A110E519A52694002A97F4 /* UIRefreshControl+AFNetworking.m */ = {isa = PBXFileReference; fileEncoding = 4; lastKnownFileType = sourcecode.c.objc; path = "UIRefreshControl+AFNetworking.m"; sourceTree = "<group>"; };
		58A110E619A52694002A97F4 /* UIWebView+AFNetworking.h */ = {isa = PBXFileReference; fileEncoding = 4; lastKnownFileType = sourcecode.c.h; path = "UIWebView+AFNetworking.h"; sourceTree = "<group>"; };
		58A110E719A52694002A97F4 /* UIWebView+AFNetworking.m */ = {isa = PBXFileReference; fileEncoding = 4; lastKnownFileType = sourcecode.c.objc; path = "UIWebView+AFNetworking.m"; sourceTree = "<group>"; };
		58A110FA19A68EE1002A97F4 /* MyMessagesTableViewController.h */ = {isa = PBXFileReference; fileEncoding = 4; lastKnownFileType = sourcecode.c.h; path = MyMessagesTableViewController.h; sourceTree = "<group>"; };
		58A110FB19A68EE1002A97F4 /* MyMessagesTableViewController.m */ = {isa = PBXFileReference; fileEncoding = 4; lastKnownFileType = sourcecode.c.objc; path = MyMessagesTableViewController.m; sourceTree = "<group>"; };
		58A110FD19A68EFB002A97F4 /* MyMessagesTableViewCell.h */ = {isa = PBXFileReference; fileEncoding = 4; lastKnownFileType = sourcecode.c.h; path = MyMessagesTableViewCell.h; sourceTree = "<group>"; };
		58A110FE19A68EFB002A97F4 /* MyMessagesTableViewCell.m */ = {isa = PBXFileReference; fileEncoding = 4; lastKnownFileType = sourcecode.c.objc; path = MyMessagesTableViewCell.m; sourceTree = "<group>"; };
		58A1110019A73116002A97F4 /* MyMessage.h */ = {isa = PBXFileReference; fileEncoding = 4; lastKnownFileType = sourcecode.c.h; path = MyMessage.h; sourceTree = "<group>"; };
		58A1110119A73116002A97F4 /* MyMessage.m */ = {isa = PBXFileReference; fileEncoding = 4; lastKnownFileType = sourcecode.c.objc; path = MyMessage.m; sourceTree = "<group>"; };
		58A53CEC1989438300792508 /* OnlinerUP.app */ = {isa = PBXFileReference; explicitFileType = wrapper.application; includeInIndex = 0; path = OnlinerUP.app; sourceTree = BUILT_PRODUCTS_DIR; };
		58A53CEF1989438300792508 /* Foundation.framework */ = {isa = PBXFileReference; lastKnownFileType = wrapper.framework; name = Foundation.framework; path = System/Library/Frameworks/Foundation.framework; sourceTree = SDKROOT; };
		58A53CF11989438300792508 /* CoreGraphics.framework */ = {isa = PBXFileReference; lastKnownFileType = wrapper.framework; name = CoreGraphics.framework; path = System/Library/Frameworks/CoreGraphics.framework; sourceTree = SDKROOT; };
		58A53CF31989438300792508 /* UIKit.framework */ = {isa = PBXFileReference; lastKnownFileType = wrapper.framework; name = UIKit.framework; path = System/Library/Frameworks/UIKit.framework; sourceTree = SDKROOT; };
		58A53CF51989438300792508 /* CoreData.framework */ = {isa = PBXFileReference; lastKnownFileType = wrapper.framework; name = CoreData.framework; path = System/Library/Frameworks/CoreData.framework; sourceTree = SDKROOT; };
		58A53CF91989438300792508 /* OnlinerUP-Info.plist */ = {isa = PBXFileReference; lastKnownFileType = text.plist.xml; path = "OnlinerUP-Info.plist"; sourceTree = "<group>"; };
		58A53CFB1989438300792508 /* en */ = {isa = PBXFileReference; lastKnownFileType = text.plist.strings; name = en; path = en.lproj/InfoPlist.strings; sourceTree = "<group>"; };
		58A53CFD1989438300792508 /* main.m */ = {isa = PBXFileReference; lastKnownFileType = sourcecode.c.objc; path = main.m; sourceTree = "<group>"; };
		58A53CFF1989438300792508 /* OnlinerUP-Prefix.pch */ = {isa = PBXFileReference; lastKnownFileType = sourcecode.c.h; path = "OnlinerUP-Prefix.pch"; sourceTree = "<group>"; };
		58A53D001989438300792508 /* OnlinerUPAppDelegate.h */ = {isa = PBXFileReference; lastKnownFileType = sourcecode.c.h; path = OnlinerUPAppDelegate.h; sourceTree = "<group>"; };
		58A53D011989438300792508 /* OnlinerUPAppDelegate.m */ = {isa = PBXFileReference; lastKnownFileType = sourcecode.c.objc; path = OnlinerUPAppDelegate.m; sourceTree = "<group>"; };
		58A53D041989438300792508 /* OnlinerUP.xcdatamodel */ = {isa = PBXFileReference; lastKnownFileType = wrapper.xcdatamodel; path = OnlinerUP.xcdatamodel; sourceTree = "<group>"; };
		58A53D061989438300792508 /* Images.xcassets */ = {isa = PBXFileReference; lastKnownFileType = folder.assetcatalog; path = Images.xcassets; sourceTree = "<group>"; };
		58A53D0C1989438400792508 /* OnlinerUPTests.xctest */ = {isa = PBXFileReference; explicitFileType = wrapper.cfbundle; includeInIndex = 0; path = OnlinerUPTests.xctest; sourceTree = BUILT_PRODUCTS_DIR; };
		58A53D0D1989438400792508 /* XCTest.framework */ = {isa = PBXFileReference; lastKnownFileType = wrapper.framework; name = XCTest.framework; path = Library/Frameworks/XCTest.framework; sourceTree = DEVELOPER_DIR; };
		58A53D161989438400792508 /* OnlinerUPTests-Info.plist */ = {isa = PBXFileReference; lastKnownFileType = text.plist.xml; path = "OnlinerUPTests-Info.plist"; sourceTree = "<group>"; };
		58A53D181989438400792508 /* en */ = {isa = PBXFileReference; lastKnownFileType = text.plist.strings; name = en; path = en.lproj/InfoPlist.strings; sourceTree = "<group>"; };
		58A53D1A1989438400792508 /* OnlinerUPTests.m */ = {isa = PBXFileReference; lastKnownFileType = sourcecode.c.objc; path = OnlinerUPTests.m; sourceTree = "<group>"; };
		58A53D241989448600792508 /* LoginViewController.h */ = {isa = PBXFileReference; fileEncoding = 4; lastKnownFileType = sourcecode.c.h; path = LoginViewController.h; sourceTree = "<group>"; };
		58A53D251989448600792508 /* LoginViewController.m */ = {isa = PBXFileReference; fileEncoding = 4; lastKnownFileType = sourcecode.c.objc; path = LoginViewController.m; sourceTree = "<group>"; };
		58A53D261989448600792508 /* Main.storyboard */ = {isa = PBXFileReference; fileEncoding = 4; lastKnownFileType = file.storyboard; path = Main.storyboard; sourceTree = "<group>"; };
		58A53D271989448600792508 /* MyAd.h */ = {isa = PBXFileReference; fileEncoding = 4; lastKnownFileType = sourcecode.c.h; path = MyAd.h; sourceTree = "<group>"; };
		58A53D281989448600792508 /* MyAd.m */ = {isa = PBXFileReference; fileEncoding = 4; lastKnownFileType = sourcecode.c.objc; path = MyAd.m; sourceTree = "<group>"; };
		58A53D291989448600792508 /* MyAdTableViewCell.h */ = {isa = PBXFileReference; fileEncoding = 4; lastKnownFileType = sourcecode.c.h; path = MyAdTableViewCell.h; sourceTree = "<group>"; };
		58A53D2A1989448600792508 /* MyAdTableViewCell.m */ = {isa = PBXFileReference; fileEncoding = 4; lastKnownFileType = sourcecode.c.objc; path = MyAdTableViewCell.m; sourceTree = "<group>"; };
		58A53D2B1989448600792508 /* MyAdTableViewController.h */ = {isa = PBXFileReference; fileEncoding = 4; lastKnownFileType = sourcecode.c.h; path = MyAdTableViewController.h; sourceTree = "<group>"; };
		58A53D2C1989448600792508 /* MyAdTableViewController.m */ = {isa = PBXFileReference; fileEncoding = 4; lastKnownFileType = sourcecode.c.objc; path = MyAdTableViewController.m; sourceTree = "<group>"; };
		58A53D2D1989448600792508 /* OnlinerKeyChain.h */ = {isa = PBXFileReference; fileEncoding = 4; lastKnownFileType = sourcecode.c.h; path = OnlinerKeyChain.h; sourceTree = "<group>"; };
		58A53D2E1989448600792508 /* OnlinerKeyChain.m */ = {isa = PBXFileReference; fileEncoding = 4; lastKnownFileType = sourcecode.c.objc; path = OnlinerKeyChain.m; sourceTree = "<group>"; };
		58A53D2F1989448600792508 /* TFHpple.h */ = {isa = PBXFileReference; fileEncoding = 4; lastKnownFileType = sourcecode.c.h; path = TFHpple.h; sourceTree = "<group>"; };
		58A53D301989448600792508 /* TFHpple.m */ = {isa = PBXFileReference; fileEncoding = 4; lastKnownFileType = sourcecode.c.objc; path = TFHpple.m; sourceTree = "<group>"; };
		58A53D311989448600792508 /* TFHppleElement.h */ = {isa = PBXFileReference; fileEncoding = 4; lastKnownFileType = sourcecode.c.h; path = TFHppleElement.h; sourceTree = "<group>"; };
		58A53D321989448600792508 /* TFHppleElement.m */ = {isa = PBXFileReference; fileEncoding = 4; lastKnownFileType = sourcecode.c.objc; path = TFHppleElement.m; sourceTree = "<group>"; };
		58A53D331989448600792508 /* XPathQuery.h */ = {isa = PBXFileReference; fileEncoding = 4; lastKnownFileType = sourcecode.c.h; path = XPathQuery.h; sourceTree = "<group>"; };
		58A53D341989448600792508 /* XPathQuery.m */ = {isa = PBXFileReference; fileEncoding = 4; lastKnownFileType = sourcecode.c.objc; path = XPathQuery.m; sourceTree = "<group>"; };
		58A53D3E198944D600792508 /* btn-enter.png */ = {isa = PBXFileReference; lastKnownFileType = image.png; name = "btn-enter.png"; path = "../btn-enter.png"; sourceTree = "<group>"; };
		58A53D3F198944D600792508 /* btn-up-1.png */ = {isa = PBXFileReference; lastKnownFileType = image.png; name = "btn-up-1.png"; path = "../btn-up-1.png"; sourceTree = "<group>"; };
		58A53D40198944D600792508 /* btn-up-0.png */ = {isa = PBXFileReference; lastKnownFileType = image.png; name = "btn-up-0.png"; path = "../btn-up-0.png"; sourceTree = "<group>"; };
		58A53D41198944D600792508 /* icon-selected-green-25x25.png */ = {isa = PBXFileReference; lastKnownFileType = image.png; name = "icon-selected-green-25x25.png"; path = "../icon-selected-green-25x25.png"; sourceTree = "<group>"; };
		58A53D42198944D600792508 /* icon-selected-green-25x25@2x.png */ = {isa = PBXFileReference; lastKnownFileType = image.png; name = "icon-selected-green-25x25@2x.png"; path = "../icon-selected-green-25x25@2x.png"; sourceTree = "<group>"; };
		58A53D43198944D600792508 /* icon-unselected-25x25.png */ = {isa = PBXFileReference; lastKnownFileType = image.png; name = "icon-unselected-25x25.png"; path = "../icon-unselected-25x25.png"; sourceTree = "<group>"; };
		58A53D44198944D600792508 /* icon-unselected-25x25@2x.png */ = {isa = PBXFileReference; lastKnownFileType = image.png; name = "icon-unselected-25x25@2x.png"; path = "../icon-unselected-25x25@2x.png"; sourceTree = "<group>"; };
		58A53D45198944D600792508 /* logo.png */ = {isa = PBXFileReference; lastKnownFileType = image.png; name = logo.png; path = ../logo.png; sourceTree = "<group>"; };
		58A53D511989462500792508 /* libxml2.2.dylib */ = {isa = PBXFileReference; lastKnownFileType = "compiled.mach-o.dylib"; name = libxml2.2.dylib; path = usr/lib/libxml2.2.dylib; sourceTree = SDKROOT; };
		58C5246819A733A60012CB5E /* envelope_unread.png */ = {isa = PBXFileReference; lastKnownFileType = image.png; name = envelope_unread.png; path = ../envelope_unread.png; sourceTree = "<group>"; };
		58C5246919A733A60012CB5E /* envelope_read.png */ = {isa = PBXFileReference; lastKnownFileType = image.png; name = envelope_read.png; path = ../envelope_read.png; sourceTree = "<group>"; };
		58C5246D19A7EB2E0012CB5E /* icon_comment_unread.png */ = {isa = PBXFileReference; lastKnownFileType = image.png; path = icon_comment_unread.png; sourceTree = "<group>"; };
		58C5247019A8D7280012CB5E /* NSMutableArray+SWUtilityButtons.h */ = {isa = PBXFileReference; fileEncoding = 4; lastKnownFileType = sourcecode.c.h; path = "NSMutableArray+SWUtilityButtons.h"; sourceTree = "<group>"; };
		58C5247119A8D7280012CB5E /* NSMutableArray+SWUtilityButtons.m */ = {isa = PBXFileReference; fileEncoding = 4; lastKnownFileType = sourcecode.c.objc; path = "NSMutableArray+SWUtilityButtons.m"; sourceTree = "<group>"; };
		58C5247219A8D7280012CB5E /* SWCellScrollView.h */ = {isa = PBXFileReference; fileEncoding = 4; lastKnownFileType = sourcecode.c.h; path = SWCellScrollView.h; sourceTree = "<group>"; };
		58C5247319A8D7280012CB5E /* SWCellScrollView.m */ = {isa = PBXFileReference; fileEncoding = 4; lastKnownFileType = sourcecode.c.objc; path = SWCellScrollView.m; sourceTree = "<group>"; };
		58C5247419A8D7280012CB5E /* SWLongPressGestureRecognizer.h */ = {isa = PBXFileReference; fileEncoding = 4; lastKnownFileType = sourcecode.c.h; path = SWLongPressGestureRecognizer.h; sourceTree = "<group>"; };
		58C5247519A8D7280012CB5E /* SWLongPressGestureRecognizer.m */ = {isa = PBXFileReference; fileEncoding = 4; lastKnownFileType = sourcecode.c.objc; path = SWLongPressGestureRecognizer.m; sourceTree = "<group>"; };
		58C5247619A8D7280012CB5E /* SWTableViewCell.h */ = {isa = PBXFileReference; fileEncoding = 4; lastKnownFileType = sourcecode.c.h; path = SWTableViewCell.h; sourceTree = "<group>"; };
		58C5247719A8D7280012CB5E /* SWTableViewCell.m */ = {isa = PBXFileReference; fileEncoding = 4; lastKnownFileType = sourcecode.c.objc; path = SWTableViewCell.m; sourceTree = "<group>"; };
		58C5247819A8D7280012CB5E /* SWUtilityButtonTapGestureRecognizer.h */ = {isa = PBXFileReference; fileEncoding = 4; lastKnownFileType = sourcecode.c.h; path = SWUtilityButtonTapGestureRecognizer.h; sourceTree = "<group>"; };
		58C5247919A8D7280012CB5E /* SWUtilityButtonTapGestureRecognizer.m */ = {isa = PBXFileReference; fileEncoding = 4; lastKnownFileType = sourcecode.c.objc; path = SWUtilityButtonTapGestureRecognizer.m; sourceTree = "<group>"; };
		58C5247A19A8D7280012CB5E /* SWUtilityButtonView.h */ = {isa = PBXFileReference; fileEncoding = 4; lastKnownFileType = sourcecode.c.h; path = SWUtilityButtonView.h; sourceTree = "<group>"; };
		58C5247B19A8D7280012CB5E /* SWUtilityButtonView.m */ = {isa = PBXFileReference; fileEncoding = 4; lastKnownFileType = sourcecode.c.objc; path = SWUtilityButtonView.m; sourceTree = "<group>"; };
		58C5248219A8D9DB0012CB5E /* check@2x.png */ = {isa = PBXFileReference; lastKnownFileType = image.png; path = "check@2x.png"; sourceTree = "<group>"; };
		58C5248319A8D9DB0012CB5E /* clock@2x.png */ = {isa = PBXFileReference; lastKnownFileType = image.png; path = "clock@2x.png"; sourceTree = "<group>"; };
		58C5248419A8D9DB0012CB5E /* cross@2x.png */ = {isa = PBXFileReference; lastKnownFileType = image.png; path = "cross@2x.png"; sourceTree = "<group>"; };
		58C5248519A8D9DB0012CB5E /* list@2x.png */ = {isa = PBXFileReference; lastKnownFileType = image.png; path = "list@2x.png"; sourceTree = "<group>"; };
		58C5248B19A926000012CB5E /* BaraholkaTableViewController.h */ = {isa = PBXFileReference; fileEncoding = 4; lastKnownFileType = sourcecode.c.h; path = BaraholkaTableViewController.h; sourceTree = "<group>"; };
		58C5248C19A926000012CB5E /* BaraholkaTableViewController.m */ = {isa = PBXFileReference; fileEncoding = 4; lastKnownFileType = sourcecode.c.objc; path = BaraholkaTableViewController.m; sourceTree = "<group>"; };
		58C5248E19A9261A0012CB5E /* BaraholkaTableViewCell.h */ = {isa = PBXFileReference; fileEncoding = 4; lastKnownFileType = sourcecode.c.h; path = BaraholkaTableViewCell.h; sourceTree = "<group>"; };
		58C5248F19A9261A0012CB5E /* BaraholkaTableViewCell.m */ = {isa = PBXFileReference; fileEncoding = 4; lastKnownFileType = sourcecode.c.objc; path = BaraholkaTableViewCell.m; sourceTree = "<group>"; };
		58C5249119AA24840012CB5E /* Baraholka.h */ = {isa = PBXFileReference; fileEncoding = 4; lastKnownFileType = sourcecode.c.h; path = Baraholka.h; sourceTree = "<group>"; };
		58C5249219AA24840012CB5E /* Baraholka.m */ = {isa = PBXFileReference; fileEncoding = 4; lastKnownFileType = sourcecode.c.objc; path = Baraholka.m; sourceTree = "<group>"; };
		58DB783F19B3042D00710188 /* BaraholkaFullTableViewCell.h */ = {isa = PBXFileReference; fileEncoding = 4; lastKnownFileType = sourcecode.c.h; path = BaraholkaFullTableViewCell.h; sourceTree = "<group>"; };
		58DB784019B3042D00710188 /* BaraholkaFullTableViewCell.m */ = {isa = PBXFileReference; fileEncoding = 4; lastKnownFileType = sourcecode.c.objc; path = BaraholkaFullTableViewCell.m; sourceTree = "<group>"; };
/* End PBXFileReference section */

/* Begin PBXFrameworksBuildPhase section */
		58A53CE91989438300792508 /* Frameworks */ = {
			isa = PBXFrameworksBuildPhase;
			buildActionMask = 2147483647;
			files = (
				58A110A1199E8FA6002A97F4 /* QuartzCore.framework in Frameworks */,
				58A53D521989462500792508 /* libxml2.2.dylib in Frameworks */,
				58A53CF21989438300792508 /* CoreGraphics.framework in Frameworks */,
				58A53CF61989438300792508 /* CoreData.framework in Frameworks */,
				58A53CF41989438300792508 /* UIKit.framework in Frameworks */,
				58A53CF01989438300792508 /* Foundation.framework in Frameworks */,
			);
			runOnlyForDeploymentPostprocessing = 0;
		};
		58A53D091989438400792508 /* Frameworks */ = {
			isa = PBXFrameworksBuildPhase;
			buildActionMask = 2147483647;
			files = (
				58A53D0E1989438400792508 /* XCTest.framework in Frameworks */,
				58A53D111989438400792508 /* CoreData.framework in Frameworks */,
				58A53D101989438400792508 /* UIKit.framework in Frameworks */,
				58A53D0F1989438400792508 /* Foundation.framework in Frameworks */,
			);
			runOnlyForDeploymentPostprocessing = 0;
		};
/* End PBXFrameworksBuildPhase section */

/* Begin PBXGroup section */
		58249FC419B660B800B23D70 /* TPKeyboardAvoiding */ = {
			isa = PBXGroup;
			children = (
				58249FC519B660DB00B23D70 /* UIScrollView+TPKeyboardAvoidingAdditions.h */,
				58249FC619B660DB00B23D70 /* UIScrollView+TPKeyboardAvoidingAdditions.m */,
				58249FC119B660B000B23D70 /* TPKeyboardAvoidingScrollView.h */,
				58249FC219B660B000B23D70 /* TPKeyboardAvoidingScrollView.m */,
			);
			name = TPKeyboardAvoiding;
			sourceTree = "<group>";
		};
		5862329B19AE11080016418C /* Network */ = {
			isa = PBXGroup;
			children = (
				5862329819AE10F80016418C /* Network.h */,
				5862329919AE10F80016418C /* Network.m */,
			);
			name = Network;
			sourceTree = "<group>";
		};
		589FE21F199506CA00CBB57C /* Modal */ = {
			isa = PBXGroup;
			children = (
				589FE21C199504A300CBB57C /* ModalWebViewController.h */,
				589FE21D199504A300CBB57C /* ModalWebViewController.m */,
			);
			name = Modal;
			sourceTree = "<group>";
		};
		58A11098199E8F80002A97F4 /* SVPullToRefresh */ = {
			isa = PBXGroup;
			children = (
				58A11099199E8F80002A97F4 /* SVPullToRefresh.h */,
				58A1109A199E8F80002A97F4 /* UIScrollView+SVInfiniteScrolling.h */,
				58A1109B199E8F80002A97F4 /* UIScrollView+SVInfiniteScrolling.m */,
				58A1109C199E8F80002A97F4 /* UIScrollView+SVPullToRefresh.h */,
				58A1109D199E8F80002A97F4 /* UIScrollView+SVPullToRefresh.m */,
			);
			path = SVPullToRefresh;
			sourceTree = "<group>";
		};
		58A110C219A52694002A97F4 /* AFNetworking */ = {
			isa = PBXGroup;
			children = (
				58A110C319A52694002A97F4 /* AFHTTPRequestOperation.h */,
				58A110C419A52694002A97F4 /* AFHTTPRequestOperation.m */,
				58A110C519A52694002A97F4 /* AFHTTPRequestOperationManager.h */,
				58A110C619A52694002A97F4 /* AFHTTPRequestOperationManager.m */,
				58A110C719A52694002A97F4 /* AFHTTPSessionManager.h */,
				58A110C819A52694002A97F4 /* AFHTTPSessionManager.m */,
				58A110C919A52694002A97F4 /* AFNetworking.h */,
				58A110CA19A52694002A97F4 /* AFNetworkReachabilityManager.h */,
				58A110CB19A52694002A97F4 /* AFNetworkReachabilityManager.m */,
				58A110CC19A52694002A97F4 /* AFSecurityPolicy.h */,
				58A110CD19A52694002A97F4 /* AFSecurityPolicy.m */,
				58A110CE19A52694002A97F4 /* AFURLConnectionOperation.h */,
				58A110CF19A52694002A97F4 /* AFURLConnectionOperation.m */,
				58A110D019A52694002A97F4 /* AFURLRequestSerialization.h */,
				58A110D119A52694002A97F4 /* AFURLRequestSerialization.m */,
				58A110D219A52694002A97F4 /* AFURLResponseSerialization.h */,
				58A110D319A52694002A97F4 /* AFURLResponseSerialization.m */,
				58A110D419A52694002A97F4 /* AFURLSessionManager.h */,
				58A110D519A52694002A97F4 /* AFURLSessionManager.m */,
			);
			path = AFNetworking;
			sourceTree = "<group>";
		};
		58A110D619A52694002A97F4 /* UIKit+AFNetworking */ = {
			isa = PBXGroup;
			children = (
				58A110D719A52694002A97F4 /* AFNetworkActivityIndicatorManager.h */,
				58A110D819A52694002A97F4 /* AFNetworkActivityIndicatorManager.m */,
				58A110D919A52694002A97F4 /* UIActivityIndicatorView+AFNetworking.h */,
				58A110DA19A52694002A97F4 /* UIActivityIndicatorView+AFNetworking.m */,
				58A110DB19A52694002A97F4 /* UIAlertView+AFNetworking.h */,
				58A110DC19A52694002A97F4 /* UIAlertView+AFNetworking.m */,
				58A110DD19A52694002A97F4 /* UIButton+AFNetworking.h */,
				58A110DE19A52694002A97F4 /* UIButton+AFNetworking.m */,
				58A110DF19A52694002A97F4 /* UIImageView+AFNetworking.h */,
				58A110E019A52694002A97F4 /* UIImageView+AFNetworking.m */,
				58A110E119A52694002A97F4 /* UIKit+AFNetworking.h */,
				58A110E219A52694002A97F4 /* UIProgressView+AFNetworking.h */,
				58A110E319A52694002A97F4 /* UIProgressView+AFNetworking.m */,
				58A110E419A52694002A97F4 /* UIRefreshControl+AFNetworking.h */,
				58A110E519A52694002A97F4 /* UIRefreshControl+AFNetworking.m */,
				58A110E619A52694002A97F4 /* UIWebView+AFNetworking.h */,
				58A110E719A52694002A97F4 /* UIWebView+AFNetworking.m */,
			);
			path = "UIKit+AFNetworking";
			sourceTree = "<group>";
		};
		58A110F919A68DD6002A97F4 /* Messages */ = {
			isa = PBXGroup;
			children = (
				58A110FA19A68EE1002A97F4 /* MyMessagesTableViewController.h */,
				58A110FB19A68EE1002A97F4 /* MyMessagesTableViewController.m */,
				58A110FD19A68EFB002A97F4 /* MyMessagesTableViewCell.h */,
				58A110FE19A68EFB002A97F4 /* MyMessagesTableViewCell.m */,
				58A1110019A73116002A97F4 /* MyMessage.h */,
				58A1110119A73116002A97F4 /* MyMessage.m */,
			);
			name = Messages;
			sourceTree = "<group>";
		};
		58A53CE31989438300792508 = {
			isa = PBXGroup;
			children = (
				58A53CF71989438300792508 /* OnlinerUP */,
				58A53D141989438400792508 /* OnlinerUPTests */,
				58A53CEE1989438300792508 /* Frameworks */,
				58A53CED1989438300792508 /* Products */,
			);
			sourceTree = "<group>";
		};
		58A53CED1989438300792508 /* Products */ = {
			isa = PBXGroup;
			children = (
				58A53CEC1989438300792508 /* OnlinerUP.app */,
				58A53D0C1989438400792508 /* OnlinerUPTests.xctest */,
			);
			name = Products;
			sourceTree = "<group>";
		};
		58A53CEE1989438300792508 /* Frameworks */ = {
			isa = PBXGroup;
			children = (
				58A110A0199E8FA6002A97F4 /* QuartzCore.framework */,
				58A53D511989462500792508 /* libxml2.2.dylib */,
				58A53CEF1989438300792508 /* Foundation.framework */,
				58A53CF11989438300792508 /* CoreGraphics.framework */,
				58A53CF31989438300792508 /* UIKit.framework */,
				58A53CF51989438300792508 /* CoreData.framework */,
				58A53D0D1989438400792508 /* XCTest.framework */,
			);
			name = Frameworks;
			sourceTree = "<group>";
		};
		58A53CF71989438300792508 /* OnlinerUP */ = {
			isa = PBXGroup;
			children = (
				58A53D261989448600792508 /* Main.storyboard */,
				5862329B19AE11080016418C /* Network */,
				58C5248A19A925D90012CB5E /* Baraholka */,
				589FE21F199506CA00CBB57C /* Modal */,
				58A53D4F1989452900792508 /* MyAd */,
				58A110F919A68DD6002A97F4 /* Messages */,
				58A53D4E198944E800792508 /* Login */,
				58A53D501989454D00792508 /* Hpple */,
				58A53D061989438300792508 /* Images.xcassets */,
				58A53D031989438300792508 /* OnlinerUP.xcdatamodeld */,
				58D7EF80199B9E8100601D09 /* Dependency */,
				58A53CF81989438300792508 /* Supporting Files */,
			);
			path = OnlinerUP;
			sourceTree = "<group>";
		};
		58A53CF81989438300792508 /* Supporting Files */ = {
			isa = PBXGroup;
			children = (
				58C5246C19A733B30012CB5E /* Images */,
				58A110C219A52694002A97F4 /* AFNetworking */,
				58A110D619A52694002A97F4 /* UIKit+AFNetworking */,
				58A53D001989438300792508 /* OnlinerUPAppDelegate.h */,
				58A53D011989438300792508 /* OnlinerUPAppDelegate.m */,
				58A53D2D1989448600792508 /* OnlinerKeyChain.h */,
				58A53D2E1989448600792508 /* OnlinerKeyChain.m */,
				58A53CF91989438300792508 /* OnlinerUP-Info.plist */,
				58A53CFA1989438300792508 /* InfoPlist.strings */,
				58A53CFD1989438300792508 /* main.m */,
				58A53CFF1989438300792508 /* OnlinerUP-Prefix.pch */,
			);
			name = "Supporting Files";
			sourceTree = "<group>";
		};
		58A53D141989438400792508 /* OnlinerUPTests */ = {
			isa = PBXGroup;
			children = (
				58A53D1A1989438400792508 /* OnlinerUPTests.m */,
				58A53D151989438400792508 /* Supporting Files */,
			);
			path = OnlinerUPTests;
			sourceTree = "<group>";
		};
		58A53D151989438400792508 /* Supporting Files */ = {
			isa = PBXGroup;
			children = (
				58A53D161989438400792508 /* OnlinerUPTests-Info.plist */,
				58A53D171989438400792508 /* InfoPlist.strings */,
			);
			name = "Supporting Files";
			sourceTree = "<group>";
		};
		58A53D4E198944E800792508 /* Login */ = {
			isa = PBXGroup;
			children = (
				58A53D241989448600792508 /* LoginViewController.h */,
				58A53D251989448600792508 /* LoginViewController.m */,
			);
			name = Login;
			sourceTree = "<group>";
		};
		58A53D4F1989452900792508 /* MyAd */ = {
			isa = PBXGroup;
			children = (
				58A53D271989448600792508 /* MyAd.h */,
				58A53D281989448600792508 /* MyAd.m */,
				58A53D291989448600792508 /* MyAdTableViewCell.h */,
				58A53D2A1989448600792508 /* MyAdTableViewCell.m */,
				58A53D2B1989448600792508 /* MyAdTableViewController.h */,
				58A53D2C1989448600792508 /* MyAdTableViewController.m */,
			);
			name = MyAd;
			sourceTree = "<group>";
		};
		58A53D501989454D00792508 /* Hpple */ = {
			isa = PBXGroup;
			children = (
				58A53D2F1989448600792508 /* TFHpple.h */,
				58A53D301989448600792508 /* TFHpple.m */,
				58A53D311989448600792508 /* TFHppleElement.h */,
				58A53D321989448600792508 /* TFHppleElement.m */,
				58A53D331989448600792508 /* XPathQuery.h */,
				58A53D341989448600792508 /* XPathQuery.m */,
			);
			name = Hpple;
			sourceTree = "<group>";
		};
		58C5246C19A733B30012CB5E /* Images */ = {
			isa = PBXGroup;
			children = (
				581B47EC19B91017004A8BFE /* UITabBarMostViewed@2x.png */,
				581B47ED19B91017004A8BFE /* UITabBarSearch@2x.png */,
				58249FCC19B669A500B23D70 /* message_group.png */,
				58249FCD19B669A500B23D70 /* message.png */,
				58249FC819B6690D00B23D70 /* message_group@2x.png */,
				58249FC919B6690D00B23D70 /* message@2x.png */,
				58C5248219A8D9DB0012CB5E /* check@2x.png */,
				58C5248319A8D9DB0012CB5E /* clock@2x.png */,
				58C5248419A8D9DB0012CB5E /* cross@2x.png */,
				58C5248519A8D9DB0012CB5E /* list@2x.png */,
				58A110B619A39E54002A97F4 /* email_read.png */,
				58A110B719A39E54002A97F4 /* email_unread.png */,
				58C5246819A733A60012CB5E /* envelope_unread.png */,
				58C5246919A733A60012CB5E /* envelope_read.png */,
				589FE22219989A9F00CBB57C /* label_buy.png */,
				589FE22319989A9F00CBB57C /* label_change.png */,
				589FE22419989A9F00CBB57C /* label_close.png */,
				589FE22519989A9F00CBB57C /* label_important.png */,
				589FE22619989A9F00CBB57C /* label_rent.png */,
				589FE22719989A9F00CBB57C /* label_sell.png */,
				589FE22819989A9F00CBB57C /* label_service.png */,
				589FE22919989A9F00CBB57C /* icon_comment.png */,
				58C5246D19A7EB2E0012CB5E /* icon_comment_unread.png */,
				589FE22019989A8D00CBB57C /* 10385417.jpeg */,
				58A53D3E198944D600792508 /* btn-enter.png */,
				589FE232199A10F200CBB57C /* btn-up-all.png */,
				58A53D3F198944D600792508 /* btn-up-1.png */,
				58A53D40198944D600792508 /* btn-up-0.png */,
				58A53D41198944D600792508 /* icon-selected-green-25x25.png */,
				58A53D42198944D600792508 /* icon-selected-green-25x25@2x.png */,
				58A53D43198944D600792508 /* icon-unselected-25x25.png */,
				58A53D44198944D600792508 /* icon-unselected-25x25@2x.png */,
				58A53D45198944D600792508 /* logo.png */,
			);
			name = Images;
			path = "UIKit+AFNetworking";
			sourceTree = "<group>";
		};
		58C5246F19A8D7280012CB5E /* SWTableViewCell */ = {
			isa = PBXGroup;
			children = (
				58C5247019A8D7280012CB5E /* NSMutableArray+SWUtilityButtons.h */,
				58C5247119A8D7280012CB5E /* NSMutableArray+SWUtilityButtons.m */,
				58C5247219A8D7280012CB5E /* SWCellScrollView.h */,
				58C5247319A8D7280012CB5E /* SWCellScrollView.m */,
				58C5247419A8D7280012CB5E /* SWLongPressGestureRecognizer.h */,
				58C5247519A8D7280012CB5E /* SWLongPressGestureRecognizer.m */,
				58C5247619A8D7280012CB5E /* SWTableViewCell.h */,
				58C5247719A8D7280012CB5E /* SWTableViewCell.m */,
				58C5247819A8D7280012CB5E /* SWUtilityButtonTapGestureRecognizer.h */,
				58C5247919A8D7280012CB5E /* SWUtilityButtonTapGestureRecognizer.m */,
				58C5247A19A8D7280012CB5E /* SWUtilityButtonView.h */,
				58C5247B19A8D7280012CB5E /* SWUtilityButtonView.m */,
			);
			name = SWTableViewCell;
			path = PodFiles;
			sourceTree = "<group>";
		};
		58C5248A19A925D90012CB5E /* Baraholka */ = {
			isa = PBXGroup;
			children = (
				58C5248B19A926000012CB5E /* BaraholkaTableViewController.h */,
				58C5248C19A926000012CB5E /* BaraholkaTableViewController.m */,
				58C5248E19A9261A0012CB5E /* BaraholkaTableViewCell.h */,
				58C5248F19A9261A0012CB5E /* BaraholkaTableViewCell.m */,
				58DB783F19B3042D00710188 /* BaraholkaFullTableViewCell.h */,
				58DB784019B3042D00710188 /* BaraholkaFullTableViewCell.m */,
				58C5249119AA24840012CB5E /* Baraholka.h */,
				58C5249219AA24840012CB5E /* Baraholka.m */,
			);
			name = Baraholka;
			sourceTree = "<group>";
		};
		58D7EF80199B9E8100601D09 /* Dependency */ = {
			isa = PBXGroup;
			children = (
				58249FC419B660B800B23D70 /* TPKeyboardAvoiding */,
				58C5246F19A8D7280012CB5E /* SWTableViewCell */,
				58A11098199E8F80002A97F4 /* SVPullToRefresh */,
			);
			name = Dependency;
			sourceTree = "<group>";
		};
/* End PBXGroup section */

/* Begin PBXNativeTarget section */
		58A53CEB1989438300792508 /* OnlinerUP */ = {
			isa = PBXNativeTarget;
			buildConfigurationList = 58A53D1E1989438400792508 /* Build configuration list for PBXNativeTarget "OnlinerUP" */;
			buildPhases = (
				58A53CE81989438300792508 /* Sources */,
				58A53CE91989438300792508 /* Frameworks */,
				58A53CEA1989438300792508 /* Resources */,
			);
			buildRules = (
			);
			dependencies = (
			);
			name = OnlinerUP;
			productName = OnlinerUP;
			productReference = 58A53CEC1989438300792508 /* OnlinerUP.app */;
			productType = "com.apple.product-type.application";
		};
		58A53D0B1989438400792508 /* OnlinerUPTests */ = {
			isa = PBXNativeTarget;
			buildConfigurationList = 58A53D211989438400792508 /* Build configuration list for PBXNativeTarget "OnlinerUPTests" */;
			buildPhases = (
				58A53D081989438400792508 /* Sources */,
				58A53D091989438400792508 /* Frameworks */,
				58A53D0A1989438400792508 /* Resources */,
			);
			buildRules = (
			);
			dependencies = (
				58A53D131989438400792508 /* PBXTargetDependency */,
			);
			name = OnlinerUPTests;
			productName = OnlinerUPTests;
			productReference = 58A53D0C1989438400792508 /* OnlinerUPTests.xctest */;
			productType = "com.apple.product-type.bundle.unit-test";
		};
/* End PBXNativeTarget section */

/* Begin PBXProject section */
		58A53CE41989438300792508 /* Project object */ = {
			isa = PBXProject;
			attributes = {
				CLASSPREFIX = OnlinerUP;
				LastUpgradeCheck = 0510;
				TargetAttributes = {
					58A53CEB1989438300792508 = {
						DevelopmentTeam = TE7YE2BF9Z;
					};
					58A53D0B1989438400792508 = {
						TestTargetID = 58A53CEB1989438300792508;
					};
				};
			};
			buildConfigurationList = 58A53CE71989438300792508 /* Build configuration list for PBXProject "OnlinerUP" */;
			compatibilityVersion = "Xcode 3.2";
			developmentRegion = English;
			hasScannedForEncodings = 0;
			knownRegions = (
				en,
			);
			mainGroup = 58A53CE31989438300792508;
			productRefGroup = 58A53CED1989438300792508 /* Products */;
			projectDirPath = "";
			projectRoot = "";
			targets = (
				58A53CEB1989438300792508 /* OnlinerUP */,
				58A53D0B1989438400792508 /* OnlinerUPTests */,
			);
		};
/* End PBXProject section */

/* Begin PBXResourcesBuildPhase section */
		58A53CEA1989438300792508 /* Resources */ = {
			isa = PBXResourcesBuildPhase;
			buildActionMask = 2147483647;
			files = (
				58A53D4B198944D600792508 /* icon-unselected-25x25.png in Resources */,
				58A53D361989448600792508 /* Main.storyboard in Resources */,
				58A53D4D198944D600792508 /* logo.png in Resources */,
				589FE22D19989A9F00CBB57C /* label_important.png in Resources */,
				58249FCF19B669A500B23D70 /* message.png in Resources */,
				58C5246B19A733A60012CB5E /* envelope_read.png in Resources */,
				58A53D48198944D600792508 /* btn-up-0.png in Resources */,
				58C5246E19A7EB2E0012CB5E /* icon_comment_unread.png in Resources */,
				58A53D4A198944D600792508 /* icon-selected-green-25x25@2x.png in Resources */,
				589FE22C19989A9F00CBB57C /* label_close.png in Resources */,
				581B47EE19B91017004A8BFE /* UITabBarMostViewed@2x.png in Resources */,
				589FE23019989A9F00CBB57C /* label_service.png in Resources */,
				58A53CFC1989438300792508 /* InfoPlist.strings in Resources */,
				581B47EF19B91017004A8BFE /* UITabBarSearch@2x.png in Resources */,
				589FE22A19989A9F00CBB57C /* label_buy.png in Resources */,
				589FE22E19989A9F00CBB57C /* label_rent.png in Resources */,
				589FE22119989A8D00CBB57C /* 10385417.jpeg in Resources */,
				589FE22B19989A9F00CBB57C /* label_change.png in Resources */,
				58A53D49198944D600792508 /* icon-selected-green-25x25.png in Resources */,
				58C5248919A8D9DB0012CB5E /* list@2x.png in Resources */,
				58A53D071989438300792508 /* Images.xcassets in Resources */,
				58A53D46198944D600792508 /* btn-enter.png in Resources */,
				58A53D4C198944D600792508 /* icon-unselected-25x25@2x.png in Resources */,
				589FE233199A10F200CBB57C /* btn-up-all.png in Resources */,
				58C5248819A8D9DB0012CB5E /* cross@2x.png in Resources */,
				58C5248619A8D9DB0012CB5E /* check@2x.png in Resources */,
				58C5246A19A733A60012CB5E /* envelope_unread.png in Resources */,
				58249FCB19B6690D00B23D70 /* message@2x.png in Resources */,
				58A53D47198944D600792508 /* btn-up-1.png in Resources */,
				58A110B919A39E54002A97F4 /* email_unread.png in Resources */,
				58A110B819A39E54002A97F4 /* email_read.png in Resources */,
				58249FCE19B669A500B23D70 /* message_group.png in Resources */,
				58C5248719A8D9DB0012CB5E /* clock@2x.png in Resources */,
				589FE23119989A9F00CBB57C /* icon_comment.png in Resources */,
				58249FCA19B6690D00B23D70 /* message_group@2x.png in Resources */,
				589FE22F19989A9F00CBB57C /* label_sell.png in Resources */,
			);
			runOnlyForDeploymentPostprocessing = 0;
		};
		58A53D0A1989438400792508 /* Resources */ = {
			isa = PBXResourcesBuildPhase;
			buildActionMask = 2147483647;
			files = (
				58A53D191989438400792508 /* InfoPlist.strings in Resources */,
			);
			runOnlyForDeploymentPostprocessing = 0;
		};
/* End PBXResourcesBuildPhase section */

/* Begin PBXSourcesBuildPhase section */
		58A53CE81989438300792508 /* Sources */ = {
			isa = PBXSourcesBuildPhase;
			buildActionMask = 2147483647;
			files = (
				58A110F019A52694002A97F4 /* AFURLSessionManager.m in Sources */,
				58A110F519A52694002A97F4 /* UIImageView+AFNetworking.m in Sources */,
				58A110F719A52694002A97F4 /* UIRefreshControl+AFNetworking.m in Sources */,
				58A110ED19A52694002A97F4 /* AFURLConnectionOperation.m in Sources */,
				58A53D371989448600792508 /* MyAd.m in Sources */,
				58A110F819A52694002A97F4 /* UIWebView+AFNetworking.m in Sources */,
				58C5248D19A926000012CB5E /* BaraholkaTableViewController.m in Sources */,
				58A110EA19A52694002A97F4 /* AFHTTPSessionManager.m in Sources */,
				58C5247F19A8D7280012CB5E /* SWTableViewCell.m in Sources */,
				58C5249019A9261A0012CB5E /* BaraholkaTableViewCell.m in Sources */,
				58A110EB19A52694002A97F4 /* AFNetworkReachabilityManager.m in Sources */,
				589FE21E199504A300CBB57C /* ModalWebViewController.m in Sources */,
				58A53D351989448600792508 /* LoginViewController.m in Sources */,
				58C5249319AA24840012CB5E /* Baraholka.m in Sources */,
				5862329A19AE10F80016418C /* Network.m in Sources */,
				58A53D051989438300792508 /* OnlinerUP.xcdatamodeld in Sources */,
				58A110EC19A52694002A97F4 /* AFSecurityPolicy.m in Sources */,
				58A110F619A52694002A97F4 /* UIProgressView+AFNetworking.m in Sources */,
				58A53CFE1989438300792508 /* main.m in Sources */,
				58A110F419A52694002A97F4 /* UIButton+AFNetworking.m in Sources */,
				58A53D3D1989448600792508 /* XPathQuery.m in Sources */,
				58249FC319B660B000B23D70 /* TPKeyboardAvoidingScrollView.m in Sources */,
				58A110E919A52694002A97F4 /* AFHTTPRequestOperationManager.m in Sources */,
				58A53D3C1989448600792508 /* TFHppleElement.m in Sources */,
				58C5248019A8D7280012CB5E /* SWUtilityButtonTapGestureRecognizer.m in Sources */,
				58DB784119B3042D00710188 /* BaraholkaFullTableViewCell.m in Sources */,
				58A110FF19A68EFB002A97F4 /* MyMessagesTableViewCell.m in Sources */,
				58A1110219A73116002A97F4 /* MyMessage.m in Sources */,
				58A53D3B1989448600792508 /* TFHpple.m in Sources */,
				58C5247D19A8D7280012CB5E /* SWCellScrollView.m in Sources */,
				58A110F319A52694002A97F4 /* UIAlertView+AFNetworking.m in Sources */,
				58A53D391989448600792508 /* MyAdTableViewController.m in Sources */,
				58249FC719B660DB00B23D70 /* UIScrollView+TPKeyboardAvoidingAdditions.m in Sources */,
				58A53D381989448600792508 /* MyAdTableViewCell.m in Sources */,
				58A53D021989438300792508 /* OnlinerUPAppDelegate.m in Sources */,
				58A1109E199E8F80002A97F4 /* UIScrollView+SVInfiniteScrolling.m in Sources */,
				58A53D3A1989448600792508 /* OnlinerKeyChain.m in Sources */,
				58A110EE19A52694002A97F4 /* AFURLRequestSerialization.m in Sources */,
				58A110F119A52694002A97F4 /* AFNetworkActivityIndicatorManager.m in Sources */,
				58A110E819A52694002A97F4 /* AFHTTPRequestOperation.m in Sources */,
				58A110F219A52694002A97F4 /* UIActivityIndicatorView+AFNetworking.m in Sources */,
				58C5247C19A8D7280012CB5E /* NSMutableArray+SWUtilityButtons.m in Sources */,
				58A110EF19A52694002A97F4 /* AFURLResponseSerialization.m in Sources */,
				58A1109F199E8F80002A97F4 /* UIScrollView+SVPullToRefresh.m in Sources */,
				58C5248119A8D7280012CB5E /* SWUtilityButtonView.m in Sources */,
				58A110FC19A68EE1002A97F4 /* MyMessagesTableViewController.m in Sources */,
				58C5247E19A8D7280012CB5E /* SWLongPressGestureRecognizer.m in Sources */,
			);
			runOnlyForDeploymentPostprocessing = 0;
		};
		58A53D081989438400792508 /* Sources */ = {
			isa = PBXSourcesBuildPhase;
			buildActionMask = 2147483647;
			files = (
				58A53D1B1989438400792508 /* OnlinerUPTests.m in Sources */,
			);
			runOnlyForDeploymentPostprocessing = 0;
		};
/* End PBXSourcesBuildPhase section */

/* Begin PBXTargetDependency section */
		58A53D131989438400792508 /* PBXTargetDependency */ = {
			isa = PBXTargetDependency;
			target = 58A53CEB1989438300792508 /* OnlinerUP */;
			targetProxy = 58A53D121989438400792508 /* PBXContainerItemProxy */;
		};
/* End PBXTargetDependency section */

/* Begin PBXVariantGroup section */
		58A53CFA1989438300792508 /* InfoPlist.strings */ = {
			isa = PBXVariantGroup;
			children = (
				58A53CFB1989438300792508 /* en */,
			);
			name = InfoPlist.strings;
			sourceTree = "<group>";
		};
		58A53D171989438400792508 /* InfoPlist.strings */ = {
			isa = PBXVariantGroup;
			children = (
				58A53D181989438400792508 /* en */,
			);
			name = InfoPlist.strings;
			sourceTree = "<group>";
		};
/* End PBXVariantGroup section */

/* Begin XCBuildConfiguration section */
		58A53D1C1989438400792508 /* Debug */ = {
			isa = XCBuildConfiguration;
			buildSettings = {
				ALWAYS_SEARCH_USER_PATHS = NO;
				CLANG_CXX_LANGUAGE_STANDARD = "gnu++0x";
				CLANG_CXX_LIBRARY = "libc++";
				CLANG_ENABLE_MODULES = YES;
				CLANG_ENABLE_OBJC_ARC = YES;
				CLANG_WARN_BOOL_CONVERSION = YES;
				CLANG_WARN_CONSTANT_CONVERSION = YES;
				CLANG_WARN_DIRECT_OBJC_ISA_USAGE = YES_ERROR;
				CLANG_WARN_EMPTY_BODY = YES;
				CLANG_WARN_ENUM_CONVERSION = YES;
				CLANG_WARN_INT_CONVERSION = YES;
				CLANG_WARN_OBJC_ROOT_CLASS = YES_ERROR;
				CLANG_WARN__DUPLICATE_METHOD_MATCH = YES;
				"CODE_SIGN_IDENTITY[sdk=iphoneos*]" = "iPhone Developer";
				COPY_PHASE_STRIP = NO;
				GCC_C_LANGUAGE_STANDARD = gnu99;
				GCC_DYNAMIC_NO_PIC = NO;
				GCC_OPTIMIZATION_LEVEL = 0;
				GCC_PREPROCESSOR_DEFINITIONS = (
					"DEBUG=1",
					"$(inherited)",
				);
				GCC_SYMBOLS_PRIVATE_EXTERN = NO;
				GCC_WARN_64_TO_32_BIT_CONVERSION = YES;
				GCC_WARN_ABOUT_RETURN_TYPE = YES_ERROR;
				GCC_WARN_UNDECLARED_SELECTOR = YES;
				GCC_WARN_UNINITIALIZED_AUTOS = YES_AGGRESSIVE;
				GCC_WARN_UNUSED_FUNCTION = YES;
				GCC_WARN_UNUSED_VARIABLE = YES;
				IPHONEOS_DEPLOYMENT_TARGET = 7.1;
				ONLY_ACTIVE_ARCH = YES;
				SDKROOT = iphoneos;
				TARGETED_DEVICE_FAMILY = "1,2";
			};
			name = Debug;
		};
		58A53D1D1989438400792508 /* Release */ = {
			isa = XCBuildConfiguration;
			buildSettings = {
				ALWAYS_SEARCH_USER_PATHS = NO;
				CLANG_CXX_LANGUAGE_STANDARD = "gnu++0x";
				CLANG_CXX_LIBRARY = "libc++";
				CLANG_ENABLE_MODULES = YES;
				CLANG_ENABLE_OBJC_ARC = YES;
				CLANG_WARN_BOOL_CONVERSION = YES;
				CLANG_WARN_CONSTANT_CONVERSION = YES;
				CLANG_WARN_DIRECT_OBJC_ISA_USAGE = YES_ERROR;
				CLANG_WARN_EMPTY_BODY = YES;
				CLANG_WARN_ENUM_CONVERSION = YES;
				CLANG_WARN_INT_CONVERSION = YES;
				CLANG_WARN_OBJC_ROOT_CLASS = YES_ERROR;
				CLANG_WARN__DUPLICATE_METHOD_MATCH = YES;
				"CODE_SIGN_IDENTITY[sdk=iphoneos*]" = "iPhone Developer";
				COPY_PHASE_STRIP = YES;
				ENABLE_NS_ASSERTIONS = NO;
				GCC_C_LANGUAGE_STANDARD = gnu99;
				GCC_WARN_64_TO_32_BIT_CONVERSION = YES;
				GCC_WARN_ABOUT_RETURN_TYPE = YES_ERROR;
				GCC_WARN_UNDECLARED_SELECTOR = YES;
				GCC_WARN_UNINITIALIZED_AUTOS = YES_AGGRESSIVE;
				GCC_WARN_UNUSED_FUNCTION = YES;
				GCC_WARN_UNUSED_VARIABLE = YES;
				IPHONEOS_DEPLOYMENT_TARGET = 7.1;
				SDKROOT = iphoneos;
				TARGETED_DEVICE_FAMILY = "1,2";
				VALIDATE_PRODUCT = YES;
			};
			name = Release;
		};
		58A53D1F1989438400792508 /* Debug */ = {
			isa = XCBuildConfiguration;
			buildSettings = {
				ASSETCATALOG_COMPILER_APPICON_NAME = AppIcon;
				ASSETCATALOG_COMPILER_LAUNCHIMAGE_NAME = LaunchImage;
				CODE_SIGN_IDENTITY = "iPhone Developer";
				GCC_PRECOMPILE_PREFIX_HEADER = YES;
				GCC_PREFIX_HEADER = "OnlinerUP/OnlinerUP-Prefix.pch";
				HEADER_SEARCH_PATHS = "$(SDKROOT)/usr/include/libxml2";
				INFOPLIST_FILE = "OnlinerUP/OnlinerUP-Info.plist";
				IPHONEOS_DEPLOYMENT_TARGET = 6.0;
				PRODUCT_NAME = "$(TARGET_NAME)";
				TARGETED_DEVICE_FAMILY = "1,2";
				WRAPPER_EXTENSION = app;
			};
			name = Debug;
		};
		58A53D201989438400792508 /* Release */ = {
			isa = XCBuildConfiguration;
			buildSettings = {
				ASSETCATALOG_COMPILER_APPICON_NAME = AppIcon;
				ASSETCATALOG_COMPILER_LAUNCHIMAGE_NAME = LaunchImage;
				CODE_SIGN_IDENTITY = "iPhone Developer";
				GCC_PRECOMPILE_PREFIX_HEADER = YES;
				GCC_PREFIX_HEADER = "OnlinerUP/OnlinerUP-Prefix.pch";
				HEADER_SEARCH_PATHS = "$(SDKROOT)/usr/include/libxml2";
				INFOPLIST_FILE = "OnlinerUP/OnlinerUP-Info.plist";
				IPHONEOS_DEPLOYMENT_TARGET = 6.0;
				PRODUCT_NAME = "$(TARGET_NAME)";
				TARGETED_DEVICE_FAMILY = "1,2";
				WRAPPER_EXTENSION = app;
			};
			name = Release;
		};
		58A53D221989438400792508 /* Debug */ = {
			isa = XCBuildConfiguration;
			buildSettings = {
				BUNDLE_LOADER = "$(BUILT_PRODUCTS_DIR)/OnlinerUP.app/OnlinerUP";
				FRAMEWORK_SEARCH_PATHS = (
					"$(SDKROOT)/Developer/Library/Frameworks",
					"$(inherited)",
					"$(DEVELOPER_FRAMEWORKS_DIR)",
				);
				GCC_PRECOMPILE_PREFIX_HEADER = YES;
				GCC_PREFIX_HEADER = "OnlinerUP/OnlinerUP-Prefix.pch";
				GCC_PREPROCESSOR_DEFINITIONS = (
					"DEBUG=1",
					"$(inherited)",
				);
				INFOPLIST_FILE = "OnlinerUPTests/OnlinerUPTests-Info.plist";
				PRODUCT_NAME = "$(TARGET_NAME)";
				TEST_HOST = "$(BUNDLE_LOADER)";
				WRAPPER_EXTENSION = xctest;
			};
			name = Debug;
		};
		58A53D231989438400792508 /* Release */ = {
			isa = XCBuildConfiguration;
			buildSettings = {
				BUNDLE_LOADER = "$(BUILT_PRODUCTS_DIR)/OnlinerUP.app/OnlinerUP";
				FRAMEWORK_SEARCH_PATHS = (
					"$(SDKROOT)/Developer/Library/Frameworks",
					"$(inherited)",
					"$(DEVELOPER_FRAMEWORKS_DIR)",
				);
				GCC_PRECOMPILE_PREFIX_HEADER = YES;
				GCC_PREFIX_HEADER = "OnlinerUP/OnlinerUP-Prefix.pch";
				INFOPLIST_FILE = "OnlinerUPTests/OnlinerUPTests-Info.plist";
				PRODUCT_NAME = "$(TARGET_NAME)";
				TEST_HOST = "$(BUNDLE_LOADER)";
				WRAPPER_EXTENSION = xctest;
			};
			name = Release;
		};
/* End XCBuildConfiguration section */

/* Begin XCConfigurationList section */
		58A53CE71989438300792508 /* Build configuration list for PBXProject "OnlinerUP" */ = {
			isa = XCConfigurationList;
			buildConfigurations = (
				58A53D1C1989438400792508 /* Debug */,
				58A53D1D1989438400792508 /* Release */,
			);
			defaultConfigurationIsVisible = 0;
			defaultConfigurationName = Release;
		};
		58A53D1E1989438400792508 /* Build configuration list for PBXNativeTarget "OnlinerUP" */ = {
			isa = XCConfigurationList;
			buildConfigurations = (
				58A53D1F1989438400792508 /* Debug */,
				58A53D201989438400792508 /* Release */,
			);
			defaultConfigurationIsVisible = 0;
			defaultConfigurationName = Release;
		};
		58A53D211989438400792508 /* Build configuration list for PBXNativeTarget "OnlinerUPTests" */ = {
			isa = XCConfigurationList;
			buildConfigurations = (
				58A53D221989438400792508 /* Debug */,
				58A53D231989438400792508 /* Release */,
			);
			defaultConfigurationIsVisible = 0;
			defaultConfigurationName = Release;
		};
/* End XCConfigurationList section */

/* Begin XCVersionGroup section */
		58A53D031989438300792508 /* OnlinerUP.xcdatamodeld */ = {
			isa = XCVersionGroup;
			children = (
				58A53D041989438300792508 /* OnlinerUP.xcdatamodel */,
			);
			currentVersion = 58A53D041989438300792508 /* OnlinerUP.xcdatamodel */;
			path = OnlinerUP.xcdatamodeld;
			sourceTree = "<group>";
			versionGroupType = wrapper.xcdatamodel;
		};
/* End XCVersionGroup section */
	};
	rootObject = 58A53CE41989438300792508 /* Project object */;
}
